%{
  "attrs": {:hex, :attrs, "0.6.0", "25d738b47829f964a786ef73897d2550b66f3e7d1d7c49a83bc8fd81c71bed93", [:mix], [], "hexpm", "9c30ac15255c2ba8399263db55ba32c2f4e5ec267b654ce23df99168b405c82e"},
  "decimal": {:hex, :decimal, "2.1.1", "5611dca5d4b2c3dd497dec8f68751f1f1a54755e8ed2a966c2633cf885973ad6", [:mix], [], "hexpm", "53cfe5f497ed0e7771ae1a475575603d77425099ba5faef9394932b35020ffcc"},
  "ecto": {:hex, :ecto, "3.12.1", "626765f7066589de6fa09e0876a253ff60c3d00870dd3a1cd696e2ba67bfceea", [:mix], [{:decimal, "~> 2.0", [hex: :decimal, repo: "hexpm", optional: false]}, {:jason, "~> 1.0", [hex: :jason, repo: "hexpm", optional: true]}, {:telemetry, "~> 0.4 or ~> 1.0", [hex: :telemetry, repo: "hexpm", optional: false]}], "hexpm", "df0045ab9d87be947228e05a8d153f3e06e0d05ab10c3b3cc557d2f7243d1940"},
  "jason": {:hex, :jason, "1.4.4", "b9226785a9aa77b6857ca22832cffa5d5011a667207eb2a0ad56adb5db443b8a", [:mix], [{:decimal, "~> 1.0 or ~> 2.0", [hex: :decimal, repo: "hexpm", optional: true]}], "hexpm", "c5eb0cab91f094599f94d55bc63409236a8ec69a21a67814529e8d5f6cc90b3b"},
  "mime": {:hex, :mime, "2.0.3", "3676436d3d1f7b81b5a2d2bd8405f412c677558c81b1c92be58c00562bb59095", [:mix], [], "hexpm", "27a30bf0db44d25eecba73755acf4068cbfe26a4372f9eb3e4ea3a45956bff6b"},
  "open_api_spex": {:hex, :open_api_spex, "3.13.0", "69c607d605e26b3e569c20fcf46bdf71a1a37a92c23f81dee54d8e982cb9c080", [:mix], [{:jason, "~> 1.0", [hex: :jason, repo: "hexpm", optional: true]}, {:plug, "~> 1.7", [hex: :plug, repo: "hexpm", optional: false]}, {:poison, "~> 3.0 or ~> 4.0 or ~> 5.0", [hex: :poison, repo: "hexpm", optional: true]}, {:ymlr, "~> 2.0", [hex: :ymlr, repo: "hexpm", optional: true]}], "hexpm", "9fb95b5359c3d6720c58a9c4f333815270f6daf2e2791f00b0578920b84ba6c6"},
  "plug": {:hex, :plug, "1.14.0", "ba4f558468f69cbd9f6b356d25443d0b796fbdc887e03fa89001384a9cac638f", [:mix], [{:mime, "~> 1.0 or ~> 2.0", [hex: :mime, repo: "hexpm", optional: false]}, {:plug_crypto, "~> 1.1.1 or ~> 1.2", [hex: :plug_crypto, repo: "hexpm", optional: false]}, {:telemetry, "~> 0.4.3 or ~> 1.0", [hex: :telemetry, repo: "hexpm", optional: false]}], "hexpm", "bf020432c7d4feb7b3af16a0c2701455cbbbb95e5b6866132cb09eb0c29adc14"},
  "plug_crypto": {:hex, :plug_crypto, "1.2.5", "918772575e48e81e455818229bf719d4ab4181fcbf7f85b68a35620f78d89ced", [:mix], [], "hexpm", "26549a1d6345e2172eb1c233866756ae44a9609bd33ee6f99147ab3fd87fd842"},
  "polymorphic_embed": {:hex, :polymorphic_embed, "5.0.0", "8edf0f8262e26d2bd884f972ab34e2ae970019ad8a4a2df8fc319117f5238d40", [:mix], [{:attrs, "~> 0.6", [hex: :attrs, repo: "hexpm", optional: false]}, {:ecto, "~> 3.12", [hex: :ecto, repo: "hexpm", optional: false]}, {:jason, "~> 1.4", [hex: :jason, repo: "hexpm", optional: false]}, {:phoenix_html, "~> 4.1", [hex: :phoenix_html, repo: "hexpm", optional: true]}, {:phoenix_html_helpers, "~> 1.0", [hex: :phoenix_html_helpers, repo: "hexpm", optional: true]}, {:phoenix_live_view, "~> 0.20", [hex: :phoenix_live_view, repo: "hexpm", optional: true]}], "hexpm", "462976e51f74858cd5cc886fd23bf74616805c11f3abe7df352dd242de1b50e6"},
  "telemetry": {:hex, :telemetry, "1.2.1", "68fdfe8d8f05a8428483a97d7aab2f268aaff24b49e0f599faa091f1d4e7f61c", [:rebar3], [], "hexpm", "dad9ce9d8effc621708f99eac538ef1cbe05d6a874dd741de2e689c47feafed5"},
}
